{
  "version": 4,
  "terraform_version": "1.8.1",
  "serial": 8,
  "lineage": "2544dd00-c9d2-a86b-e561-fb4e4a565db1",
  "outputs": {},
  "resources": [
    {
      "mode": "data",
      "type": "external",
      "name": "build",
      "provider": "provider[\"registry.terraform.io/hashicorp/external\"]",
      "instances": [
        {
          "schema_version": 0,
          "attributes": {
            "id": "-",
            "program": [
              "bash",
              "../public-service/ci.sh"
            ],
            "query": {
              "baz": "def456",
              "version": "1"
            },
            "result": {
              "success": "true"
            },
            "working_dir": null
          },
          "sensitive_attributes": []
        }
      ]
    },
    {
      "mode": "managed",
      "type": "aws_ecrpublic_repository",
      "name": "ecr_repo",
      "provider": "provider[\"registry.terraform.io/hashicorp/aws\"]",
      "instances": [
        {
          "schema_version": 0,
          "attributes": {
            "arn": "arn:aws:ecr-public::435896812584:repository/public-service",
            "catalog_data": [
              {
                "about_text": "",
                "architectures": [
                  "ARM"
                ],
                "description": "",
                "logo_image_blob": "",
                "operating_systems": [
                  "Linux"
                ],
                "usage_text": ""
              }
            ],
            "force_destroy": false,
            "id": "public-service",
            "registry_id": "435896812584",
            "repository_name": "public-service",
            "repository_uri": "public.ecr.aws/t3o5y1z6/public-service",
            "tags": {
              "env": "test"
            },
            "tags_all": {
              "env": "test"
            },
            "timeouts": null
          },
          "sensitive_attributes": [],
          "private": "eyJlMmJmYjczMC1lY2FhLTExZTYtOGY4OC0zNDM2M2JjN2M0YzAiOnsiZGVsZXRlIjoxMjAwMDAwMDAwMDAwfX0="
        }
      ]
    }
  ],
  "check_results": null
}
